
Microsoft Visual Studio Solution File, Format Version 12.00
# Visual Studio Version 17
VisualStudioVersion = 17.14.36202.13 d17.14
MinimumVisualStudioVersion = 10.0.40219.1
Project("{FAE04EC0-301F-11D3-BF4B-00C04F79EFBC}") = "rebalancer", "rebalancer\rebalancer.csproj", "{A75A0473-2981-4C5E-BFD4-A074B7B0FE8D}"
EndProject
Global
	GlobalSection(SolutionConfigurationPlatforms) = preSolution
		Debug|Any CPU = Debug|Any CPU
		Release|Any CPU = Release|Any CPU
	EndGlobalSection
	GlobalSection(ProjectConfigurationPlatforms) = postSolution
		{A75A0473-2981-4C5E-BFD4-A074B7B0FE8D}.Debug|Any CPU.ActiveCfg = Debug|Any CPU
		{A75A0473-2981-4C5E-BFD4-A074B7B0FE8D}.Debug|Any CPU.Build.0 = Debug|Any CPU
		{A75A0473-2981-4C5E-BFD4-A074B7B0FE8D}.Release|Any CPU.ActiveCfg = Release|Any CPU
		{A75A0473-2981-4C5E-BFD4-A074B7B0FE8D}.Release|Any CPU.Build.0 = Release|Any CPU
	EndGlobalSection
	GlobalSection(SolutionProperties) = preSolution
		HideSolutionNode = FALSE
	EndGlobalSection
	GlobalSection(ExtensibilityGlobals) = postSolution
		SolutionGuid = {2BB05D8C-8BDA-4F35-9097-30D6020DF8A7}
	EndGlobalSection
EndGlobal
